
Microsoft Visual Studio Solution File, Format Version 12.00
# Visual Studio Version 17
VisualStudioVersion = 17.8.34511.84
MinimumVisualStudioVersion = 10.0.40219.1
Project("{9A19103F-16F7-4668-BE54-9A1E7A4F7556}") = "VerificarNumeroPrimo", "NumeroPrimo\VerificarNumeroPrimo.csproj", "{9780ED8F-5F8D-4E51-917B-49B7BBF747E5}"
EndProject
Project("{9A19103F-16F7-4668-BE54-9A1E7A4F7556}") = "VerificarDivisoresPor5e9", "VerificarDivisores\VerificarDivisoresPor5e9.csproj", "{BE57BFDB-4850-46FF-A570-88A560D57C75}"
EndProject
Project("{FAE04EC0-301F-11D3-BF4B-00C04F79EFBC}") = "VerificarNumeroParOuImpar", "VerificarNumeroParOuImpar\VerificarNumeroParOuImpar.csproj", "{B56DA888-18C5-4B36-8057-E321493DBDE7}"
EndProject
Global
	GlobalSection(SolutionConfigurationPlatforms) = preSolution
		Debug|Any CPU = Debug|Any CPU
		Release|Any CPU = Release|Any CPU
	EndGlobalSection
	GlobalSection(ProjectConfigurationPlatforms) = postSolution
		{9780ED8F-5F8D-4E51-917B-49B7BBF747E5}.Debug|Any CPU.ActiveCfg = Debug|Any CPU
		{9780ED8F-5F8D-4E51-917B-49B7BBF747E5}.Debug|Any CPU.Build.0 = Debug|Any CPU
		{9780ED8F-5F8D-4E51-917B-49B7BBF747E5}.Release|Any CPU.ActiveCfg = Release|Any CPU
		{9780ED8F-5F8D-4E51-917B-49B7BBF747E5}.Release|Any CPU.Build.0 = Release|Any CPU
		{BE57BFDB-4850-46FF-A570-88A560D57C75}.Debug|Any CPU.ActiveCfg = Debug|Any CPU
		{BE57BFDB-4850-46FF-A570-88A560D57C75}.Debug|Any CPU.Build.0 = Debug|Any CPU
		{BE57BFDB-4850-46FF-A570-88A560D57C75}.Release|Any CPU.ActiveCfg = Release|Any CPU
		{BE57BFDB-4850-46FF-A570-88A560D57C75}.Release|Any CPU.Build.0 = Release|Any CPU
		{B56DA888-18C5-4B36-8057-E321493DBDE7}.Debug|Any CPU.ActiveCfg = Debug|Any CPU
		{B56DA888-18C5-4B36-8057-E321493DBDE7}.Debug|Any CPU.Build.0 = Debug|Any CPU
		{B56DA888-18C5-4B36-8057-E321493DBDE7}.Release|Any CPU.ActiveCfg = Release|Any CPU
		{B56DA888-18C5-4B36-8057-E321493DBDE7}.Release|Any CPU.Build.0 = Release|Any CPU
	EndGlobalSection
	GlobalSection(SolutionProperties) = preSolution
		HideSolutionNode = FALSE
	EndGlobalSection
	GlobalSection(ExtensibilityGlobals) = postSolution
		SolutionGuid = {2017DA27-CBB2-4CE2-8071-A5C9A393D37C}
	EndGlobalSection
EndGlobal
